
Microsoft Visual Studio Solution File, Format Version 12.00
# Visual Studio 15
VisualStudioVersion = 15.0.27703.2035
MinimumVisualStudioVersion = 10.0.40219.1
Project("{FAE04EC0-301F-11D3-BF4B-00C04F79EFBC}") = "ContosoUniversity", "ContosoUniversity\ContosoUniversity.csproj", "{990E2883-EB65-45BE-BD3F-159D1C3D052F}"
EndProject
Global
	GlobalSection(SolutionConfigurationPlatforms) = preSolution
		Debug|Any CPU = Debug|Any CPU
		Release|Any CPU = Release|Any CPU
	EndGlobalSection
	GlobalSection(ProjectConfigurationPlatforms) = postSolution
		{990E2883-EB65-45BE-BD3F-159D1C3D052F}.Debug|Any CPU.ActiveCfg = Debug|Any CPU
		{990E2883-EB65-45BE-BD3F-159D1C3D052F}.Debug|Any CPU.Build.0 = Debug|Any CPU
		{990E2883-EB65-45BE-BD3F-159D1C3D052F}.Release|Any CPU.ActiveCfg = Release|Any CPU
		{990E2883-EB65-45BE-BD3F-159D1C3D052F}.Release|Any CPU.Build.0 = Release|Any CPU
	EndGlobalSection
	GlobalSection(SolutionProperties) = preSolution
		HideSolutionNode = FALSE
	EndGlobalSection
	GlobalSection(ExtensibilityGlobals) = postSolution
		SolutionGuid = {FBF995C8-4D4F-42E0-844F-CFF528BD01AC}
	EndGlobalSection
EndGlobal
